
Microsoft Visual Studio Solution File, Format Version 12.00
# Visual Studio 15
VisualStudioVersion = 15.0.27130.2010
MinimumVisualStudioVersion = 10.0.40219.1
Project("{FAE04EC0-301F-11D3-BF4B-00C04F79EFBC}") = "ClassExample", "ClassExample\ClassExample.csproj", "{5B173983-C4D3-4F14-A98F-F1F6759C56CE}"
EndProject
Global
	GlobalSection(SolutionConfigurationPlatforms) = preSolution
		Debug|Any CPU = Debug|Any CPU
		Release|Any CPU = Release|Any CPU
	EndGlobalSection
	GlobalSection(ProjectConfigurationPlatforms) = postSolution
		{5B173983-C4D3-4F14-A98F-F1F6759C56CE}.Debug|Any CPU.ActiveCfg = Debug|Any CPU
		{5B173983-C4D3-4F14-A98F-F1F6759C56CE}.Debug|Any CPU.Build.0 = Debug|Any CPU
		{5B173983-C4D3-4F14-A98F-F1F6759C56CE}.Release|Any CPU.ActiveCfg = Release|Any CPU
		{5B173983-C4D3-4F14-A98F-F1F6759C56CE}.Release|Any CPU.Build.0 = Release|Any CPU
	EndGlobalSection
	GlobalSection(SolutionProperties) = preSolution
		HideSolutionNode = FALSE
	EndGlobalSection
	GlobalSection(ExtensibilityGlobals) = postSolution
		SolutionGuid = {9D5F33C5-C126-4EC3-A7A5-3A45748DA9E9}
	EndGlobalSection
EndGlobal
